
Microsoft Visual Studio Solution File, Format Version 12.00
# Visual Studio 15
VisualStudioVersion = 15.0.26730.3
MinimumVisualStudioVersion = 10.0.40219.1
Project("{FAE04EC0-301F-11D3-BF4B-00C04F79EFBC}") = "Macanan", "Macanan\Macanan.csproj", "{912DEEBE-A0ED-4532-BF01-6948900E4665}"
EndProject
Global
	GlobalSection(SolutionConfigurationPlatforms) = preSolution
		Debug|Any CPU = Debug|Any CPU
		Release|Any CPU = Release|Any CPU
	EndGlobalSection
	GlobalSection(ProjectConfigurationPlatforms) = postSolution
		{912DEEBE-A0ED-4532-BF01-6948900E4665}.Debug|Any CPU.ActiveCfg = Debug|Any CPU
		{912DEEBE-A0ED-4532-BF01-6948900E4665}.Debug|Any CPU.Build.0 = Debug|Any CPU
		{912DEEBE-A0ED-4532-BF01-6948900E4665}.Release|Any CPU.ActiveCfg = Release|Any CPU
		{912DEEBE-A0ED-4532-BF01-6948900E4665}.Release|Any CPU.Build.0 = Release|Any CPU
	EndGlobalSection
	GlobalSection(SolutionProperties) = preSolution
		HideSolutionNode = FALSE
	EndGlobalSection
	GlobalSection(ExtensibilityGlobals) = postSolution
		SolutionGuid = {1990B4FC-3B38-49CB-B0F0-8C61FFC133AC}
	EndGlobalSection
EndGlobal
